// !$*UTF8*$!
{
	archiveVersion = 1;
	classes = {
	};
	objectVersion = 48;
	objects = {

/* Begin PBXBuildFile section */
		02CF67E9DE9E2A29A9735425 /* Pods_MoneyHelper_MoneyHelperTests_MoneyHelperUITests.framework in Frameworks */ = {isa = PBXBuildFile; fileRef = BEB837A2656CD5B37B581F4A /* Pods_MoneyHelper_MoneyHelperTests_MoneyHelperUITests.framework */; };
		0B08B4DC250A9C75E00E3E3F /* IntroModuleConfigurator.swift in Sources */ = {isa = PBXBuildFile; fileRef = 077C19ED06FCCB055E187561 /* IntroModuleConfigurator.swift */; };
		289F3989831DB7EC4D8F46B5 /* IntroViewController.xib in Resources */ = {isa = PBXBuildFile; fileRef = 000DB71892D1376B8102E0E5 /* IntroViewController.xib */; };
		37418113B84B887A802F494A /* IntroPresenter.swift in Sources */ = {isa = PBXBuildFile; fileRef = 3C591494136E35B40491CCEE /* IntroPresenter.swift */; };
		50D01B3E1F6D4CF70090CD06 /* MoneyHelperTests.swift in Sources */ = {isa = PBXBuildFile; fileRef = 50D01B3D1F6D4CF70090CD06 /* MoneyHelperTests.swift */; };
		50D01B4B1F6D4CF70090CD06 /* MoneyHelperUITests.swift in Sources */ = {isa = PBXBuildFile; fileRef = 50D01B4A1F6D4CF70090CD06 /* MoneyHelperUITests.swift */; };
		50FD57F01F6D6BC500C10542 /* ModuleTransitionable.swift in Sources */ = {isa = PBXBuildFile; fileRef = 50FD57C71F6D6ACB00C10542 /* ModuleTransitionable.swift */; };
		50FD57F31F6D6BCE00C10542 /* Foundation.swift in Sources */ = {isa = PBXBuildFile; fileRef = 50FD57ED1F6D6B9800C10542 /* Foundation.swift */; };
		50FD57F61F6D6BCE00C10542 /* UIView.swift in Sources */ = {isa = PBXBuildFile; fileRef = 50FD57EF1F6D6B9900C10542 /* UIView.swift */; };
		50FD57F71F6D6BCE00C10542 /* UIViewController.swift in Sources */ = {isa = PBXBuildFile; fileRef = 50FD57EA1F6D6B9800C10542 /* UIViewController.swift */; };
		50FD57FA1F6D71D600C10542 /* AppDelegate.swift in Sources */ = {isa = PBXBuildFile; fileRef = 50FD57BE1F6D6ACB00C10542 /* AppDelegate.swift */; };
		50FD57FB1F6D71E500C10542 /* LaunchScreen.xib in Resources */ = {isa = PBXBuildFile; fileRef = 50FD57BF1F6D6ACB00C10542 /* LaunchScreen.xib */; };
		62C6D890893F73DAFEB8F889 /* IntroRouterInput.swift in Sources */ = {isa = PBXBuildFile; fileRef = D0DC6598366C7F1BABC26463 /* IntroRouterInput.swift */; };
		7D0BD96130AFA0A3EBA0D04C /* Pods_MoneyHelper.framework in Frameworks */ = {isa = PBXBuildFile; fileRef = 5A6249948F0773098A19874B /* Pods_MoneyHelper.framework */; };
		8903046DFC8ACC00F348D36F /* Pods_MoneyHelper_MoneyHelperTests.framework in Frameworks */ = {isa = PBXBuildFile; fileRef = 3004F3D76AAA5D190A9B2A7A /* Pods_MoneyHelper_MoneyHelperTests.framework */; };
		8BDC6999E9613AF1E6F9CFAE /* IntroPresenterTests.swift in Sources */ = {isa = PBXBuildFile; fileRef = 869E4369C4A469176BCE4535 /* IntroPresenterTests.swift */; };
		965B249DAA31A91324FA77C1 /* IntroViewTests.swift in Sources */ = {isa = PBXBuildFile; fileRef = D0BCBD9800E7ED04C8ADA057 /* IntroViewTests.swift */; };
		988DE1C2B60362578656FDB5 /* IntroModuleConfiguratorTests.swift in Sources */ = {isa = PBXBuildFile; fileRef = 6C2E9143437332DE472144EC /* IntroModuleConfiguratorTests.swift */; };
		B57DA86DA61D9F8060153180 /* IntroViewController.swift in Sources */ = {isa = PBXBuildFile; fileRef = 140CC331D7D425F1931E204C /* IntroViewController.swift */; };
		B7A46E59A6F65C3549A8ED66 /* IntroViewInput.swift in Sources */ = {isa = PBXBuildFile; fileRef = 4DFBEE6FBC26541E432C03E0 /* IntroViewInput.swift */; };
		C29C48CFB0247D30890910C5 /* IntroRouter.swift in Sources */ = {isa = PBXBuildFile; fileRef = 846385F801C64F080C9CC9FE /* IntroRouter.swift */; };
		CE85ECA986380CDAE946E675 /* IntroModuleInput.swift in Sources */ = {isa = PBXBuildFile; fileRef = EA72EC70F238A45FAB7B60AC /* IntroModuleInput.swift */; };
		D755E5148819416D42AE115A /* IntroViewOutput.swift in Sources */ = {isa = PBXBuildFile; fileRef = 5A9FA14094B8C25BE7C52FB7 /* IntroViewOutput.swift */; };
		FF191FA0F2C31996404C81D6 /* IntroRouterTests.swift in Sources */ = {isa = PBXBuildFile; fileRef = 13D1A8EB00A1196A0AC29DCA /* IntroRouterTests.swift */; };
/* End PBXBuildFile section */

/* Begin PBXContainerItemProxy section */
		50D01B3A1F6D4CF70090CD06 /* PBXContainerItemProxy */ = {
			isa = PBXContainerItemProxy;
			containerPortal = 50D01B0D1F6D4CF70090CD06 /* Project object */;
			proxyType = 1;
			remoteGlobalIDString = 50D01B151F6D4CF70090CD06;
			remoteInfo = MoneyHelper;
		};
		50D01B471F6D4CF70090CD06 /* PBXContainerItemProxy */ = {
			isa = PBXContainerItemProxy;
			containerPortal = 50D01B0D1F6D4CF70090CD06 /* Project object */;
			proxyType = 1;
			remoteGlobalIDString = 50D01B151F6D4CF70090CD06;
			remoteInfo = MoneyHelper;
		};
/* End PBXContainerItemProxy section */

/* Begin PBXFileReference section */
		000DB71892D1376B8102E0E5 /* IntroViewController.xib */ = {isa = PBXFileReference; includeInIndex = 1; lastKnownFileType = file.xib; path = IntroViewController.xib; sourceTree = "<group>"; };
		077C19ED06FCCB055E187561 /* IntroModuleConfigurator.swift */ = {isa = PBXFileReference; includeInIndex = 1; lastKnownFileType = sourcecode.swift; path = IntroModuleConfigurator.swift; sourceTree = "<group>"; };
		13D1A8EB00A1196A0AC29DCA /* IntroRouterTests.swift */ = {isa = PBXFileReference; includeInIndex = 1; lastKnownFileType = sourcecode.swift; path = IntroRouterTests.swift; sourceTree = "<group>"; };
		140CC331D7D425F1931E204C /* IntroViewController.swift */ = {isa = PBXFileReference; includeInIndex = 1; lastKnownFileType = sourcecode.swift; path = IntroViewController.swift; sourceTree = "<group>"; };
		3004F3D76AAA5D190A9B2A7A /* Pods_MoneyHelper_MoneyHelperTests.framework */ = {isa = PBXFileReference; explicitFileType = wrapper.framework; includeInIndex = 0; path = Pods_MoneyHelper_MoneyHelperTests.framework; sourceTree = BUILT_PRODUCTS_DIR; };
		3C591494136E35B40491CCEE /* IntroPresenter.swift */ = {isa = PBXFileReference; includeInIndex = 1; lastKnownFileType = sourcecode.swift; path = IntroPresenter.swift; sourceTree = "<group>"; };
		4DFBEE6FBC26541E432C03E0 /* IntroViewInput.swift */ = {isa = PBXFileReference; includeInIndex = 1; lastKnownFileType = sourcecode.swift; path = IntroViewInput.swift; sourceTree = "<group>"; };
		50D01B161F6D4CF70090CD06 /* MoneyHelper.app */ = {isa = PBXFileReference; explicitFileType = wrapper.application; includeInIndex = 0; path = MoneyHelper.app; sourceTree = BUILT_PRODUCTS_DIR; };
		50D01B391F6D4CF70090CD06 /* MoneyHelperTests.xctest */ = {isa = PBXFileReference; explicitFileType = wrapper.cfbundle; includeInIndex = 0; path = MoneyHelperTests.xctest; sourceTree = BUILT_PRODUCTS_DIR; };
		50D01B3D1F6D4CF70090CD06 /* MoneyHelperTests.swift */ = {isa = PBXFileReference; lastKnownFileType = sourcecode.swift; path = MoneyHelperTests.swift; sourceTree = "<group>"; };
		50D01B411F6D4CF70090CD06 /* Info.plist */ = {isa = PBXFileReference; lastKnownFileType = text.plist.xml; path = Info.plist; sourceTree = "<group>"; };
		50D01B461F6D4CF70090CD06 /* MoneyHelperUITests.xctest */ = {isa = PBXFileReference; explicitFileType = wrapper.cfbundle; includeInIndex = 0; path = MoneyHelperUITests.xctest; sourceTree = BUILT_PRODUCTS_DIR; };
		50D01B4A1F6D4CF70090CD06 /* MoneyHelperUITests.swift */ = {isa = PBXFileReference; lastKnownFileType = sourcecode.swift; path = MoneyHelperUITests.swift; sourceTree = "<group>"; };
		50D01B4C1F6D4CF70090CD06 /* Info.plist */ = {isa = PBXFileReference; lastKnownFileType = text.plist.xml; path = Info.plist; sourceTree = "<group>"; };
		50FD57BE1F6D6ACB00C10542 /* AppDelegate.swift */ = {isa = PBXFileReference; lastKnownFileType = sourcecode.swift; path = AppDelegate.swift; sourceTree = "<group>"; };
		50FD57BF1F6D6ACB00C10542 /* LaunchScreen.xib */ = {isa = PBXFileReference; lastKnownFileType = file.xib; path = LaunchScreen.xib; sourceTree = "<group>"; };
		50FD57C71F6D6ACB00C10542 /* ModuleTransitionable.swift */ = {isa = PBXFileReference; lastKnownFileType = sourcecode.swift; path = ModuleTransitionable.swift; sourceTree = "<group>"; };
		50FD57CE1F6D6ACB00C10542 /* Assets.xcassets */ = {isa = PBXFileReference; lastKnownFileType = folder.assetcatalog; path = Assets.xcassets; sourceTree = "<group>"; };
		50FD57CF1F6D6ACB00C10542 /* Info.plist */ = {isa = PBXFileReference; lastKnownFileType = text.plist.xml; path = Info.plist; sourceTree = "<group>"; };
		50FD57EA1F6D6B9800C10542 /* UIViewController.swift */ = {isa = PBXFileReference; lastKnownFileType = sourcecode.swift; path = UIViewController.swift; sourceTree = "<group>"; };
		50FD57ED1F6D6B9800C10542 /* Foundation.swift */ = {isa = PBXFileReference; lastKnownFileType = sourcecode.swift; path = Foundation.swift; sourceTree = "<group>"; };
		50FD57EF1F6D6B9900C10542 /* UIView.swift */ = {isa = PBXFileReference; lastKnownFileType = sourcecode.swift; path = UIView.swift; sourceTree = "<group>"; };
		5A6249948F0773098A19874B /* Pods_MoneyHelper.framework */ = {isa = PBXFileReference; explicitFileType = wrapper.framework; includeInIndex = 0; path = Pods_MoneyHelper.framework; sourceTree = BUILT_PRODUCTS_DIR; };
		5A9FA14094B8C25BE7C52FB7 /* IntroViewOutput.swift */ = {isa = PBXFileReference; includeInIndex = 1; lastKnownFileType = sourcecode.swift; path = IntroViewOutput.swift; sourceTree = "<group>"; };
		5F516BB3349265AA0680EDD5 /* Pods-MoneyHelper.release.xcconfig */ = {isa = PBXFileReference; includeInIndex = 1; lastKnownFileType = text.xcconfig; name = "Pods-MoneyHelper.release.xcconfig"; path = "Pods/Target Support Files/Pods-MoneyHelper/Pods-MoneyHelper.release.xcconfig"; sourceTree = "<group>"; };
		6C2E9143437332DE472144EC /* IntroModuleConfiguratorTests.swift */ = {isa = PBXFileReference; includeInIndex = 1; lastKnownFileType = sourcecode.swift; path = IntroModuleConfiguratorTests.swift; sourceTree = "<group>"; };
		846385F801C64F080C9CC9FE /* IntroRouter.swift */ = {isa = PBXFileReference; includeInIndex = 1; lastKnownFileType = sourcecode.swift; path = IntroRouter.swift; sourceTree = "<group>"; };
		869E4369C4A469176BCE4535 /* IntroPresenterTests.swift */ = {isa = PBXFileReference; includeInIndex = 1; lastKnownFileType = sourcecode.swift; path = IntroPresenterTests.swift; sourceTree = "<group>"; };
		A707E84C4C50B93CAC388DA3 /* Pods-MoneyHelper-MoneyHelperTests-MoneyHelperUITests.release.xcconfig */ = {isa = PBXFileReference; includeInIndex = 1; lastKnownFileType = text.xcconfig; name = "Pods-MoneyHelper-MoneyHelperTests-MoneyHelperUITests.release.xcconfig"; path = "Pods/Target Support Files/Pods-MoneyHelper-MoneyHelperTests-MoneyHelperUITests/Pods-MoneyHelper-MoneyHelperTests-MoneyHelperUITests.release.xcconfig"; sourceTree = "<group>"; };
		BB998A9B2F561FC235BEF78D /* Pods-MoneyHelper-MoneyHelperTests.release.xcconfig */ = {isa = PBXFileReference; includeInIndex = 1; lastKnownFileType = text.xcconfig; name = "Pods-MoneyHelper-MoneyHelperTests.release.xcconfig"; path = "Pods/Target Support Files/Pods-MoneyHelper-MoneyHelperTests/Pods-MoneyHelper-MoneyHelperTests.release.xcconfig"; sourceTree = "<group>"; };
		BEB837A2656CD5B37B581F4A /* Pods_MoneyHelper_MoneyHelperTests_MoneyHelperUITests.framework */ = {isa = PBXFileReference; explicitFileType = wrapper.framework; includeInIndex = 0; path = Pods_MoneyHelper_MoneyHelperTests_MoneyHelperUITests.framework; sourceTree = BUILT_PRODUCTS_DIR; };
		D0BCBD9800E7ED04C8ADA057 /* IntroViewTests.swift */ = {isa = PBXFileReference; includeInIndex = 1; lastKnownFileType = sourcecode.swift; path = IntroViewTests.swift; sourceTree = "<group>"; };
		D0DC6598366C7F1BABC26463 /* IntroRouterInput.swift */ = {isa = PBXFileReference; includeInIndex = 1; lastKnownFileType = sourcecode.swift; path = IntroRouterInput.swift; sourceTree = "<group>"; };
		DAB3545E303B8A48BDD424EE /* Pods-MoneyHelper.debug.xcconfig */ = {isa = PBXFileReference; includeInIndex = 1; lastKnownFileType = text.xcconfig; name = "Pods-MoneyHelper.debug.xcconfig"; path = "Pods/Target Support Files/Pods-MoneyHelper/Pods-MoneyHelper.debug.xcconfig"; sourceTree = "<group>"; };
		DE681E02C1E68C27D110EA87 /* Pods-MoneyHelper-MoneyHelperTests.debug.xcconfig */ = {isa = PBXFileReference; includeInIndex = 1; lastKnownFileType = text.xcconfig; name = "Pods-MoneyHelper-MoneyHelperTests.debug.xcconfig"; path = "Pods/Target Support Files/Pods-MoneyHelper-MoneyHelperTests/Pods-MoneyHelper-MoneyHelperTests.debug.xcconfig"; sourceTree = "<group>"; };
		E86BAE13A9DB3EE87C1D2A65 /* Pods-MoneyHelper-MoneyHelperTests-MoneyHelperUITests.debug.xcconfig */ = {isa = PBXFileReference; includeInIndex = 1; lastKnownFileType = text.xcconfig; name = "Pods-MoneyHelper-MoneyHelperTests-MoneyHelperUITests.debug.xcconfig"; path = "Pods/Target Support Files/Pods-MoneyHelper-MoneyHelperTests-MoneyHelperUITests/Pods-MoneyHelper-MoneyHelperTests-MoneyHelperUITests.debug.xcconfig"; sourceTree = "<group>"; };
		EA72EC70F238A45FAB7B60AC /* IntroModuleInput.swift */ = {isa = PBXFileReference; includeInIndex = 1; lastKnownFileType = sourcecode.swift; path = IntroModuleInput.swift; sourceTree = "<group>"; };
/* End PBXFileReference section */

/* Begin PBXFrameworksBuildPhase section */
		50D01B121F6D4CF70090CD06 /* Frameworks */ = {
			isa = PBXFrameworksBuildPhase;
			buildActionMask = 2147483647;
			files = (
				7D0BD96130AFA0A3EBA0D04C /* Pods_MoneyHelper.framework in Frameworks */,
			);
			runOnlyForDeploymentPostprocessing = 0;
		};
		50D01B361F6D4CF70090CD06 /* Frameworks */ = {
			isa = PBXFrameworksBuildPhase;
			buildActionMask = 2147483647;
			files = (
				8903046DFC8ACC00F348D36F /* Pods_MoneyHelper_MoneyHelperTests.framework in Frameworks */,
			);
			runOnlyForDeploymentPostprocessing = 0;
		};
		50D01B431F6D4CF70090CD06 /* Frameworks */ = {
			isa = PBXFrameworksBuildPhase;
			buildActionMask = 2147483647;
			files = (
				02CF67E9DE9E2A29A9735425 /* Pods_MoneyHelper_MoneyHelperTests_MoneyHelperUITests.framework in Frameworks */,
			);
			runOnlyForDeploymentPostprocessing = 0;
		};
/* End PBXFrameworksBuildPhase section */

/* Begin PBXGroup section */
		0B390D959F75C3452A33FBED /* Router */ = {
			isa = PBXGroup;
			children = (
				846385F801C64F080C9CC9FE /* IntroRouter.swift */,
				D0DC6598366C7F1BABC26463 /* IntroRouterInput.swift */,
			);
			path = Router;
			sourceTree = "<group>";
		};
		32F17CA2BE43D39ED912FBDA /* Pods */ = {
			isa = PBXGroup;
			children = (
				DAB3545E303B8A48BDD424EE /* Pods-MoneyHelper.debug.xcconfig */,
				5F516BB3349265AA0680EDD5 /* Pods-MoneyHelper.release.xcconfig */,
				DE681E02C1E68C27D110EA87 /* Pods-MoneyHelper-MoneyHelperTests.debug.xcconfig */,
				BB998A9B2F561FC235BEF78D /* Pods-MoneyHelper-MoneyHelperTests.release.xcconfig */,
				E86BAE13A9DB3EE87C1D2A65 /* Pods-MoneyHelper-MoneyHelperTests-MoneyHelperUITests.debug.xcconfig */,
				A707E84C4C50B93CAC388DA3 /* Pods-MoneyHelper-MoneyHelperTests-MoneyHelperUITests.release.xcconfig */,
			);
			name = Pods;
			sourceTree = "<group>";
		};
		447D180374D41D6949D7ACD3 /* Configurator */ = {
			isa = PBXGroup;
			children = (
				077C19ED06FCCB055E187561 /* IntroModuleConfigurator.swift */,
			);
			path = Configurator;
			sourceTree = "<group>";
		};
		509C5E6F8FE0A4A67D9A3F86 /* View */ = {
			isa = PBXGroup;
			children = (
				D0BCBD9800E7ED04C8ADA057 /* IntroViewTests.swift */,
			);
			path = View;
			sourceTree = "<group>";
		};
		50D01B0C1F6D4CF70090CD06 = {
			isa = PBXGroup;
			children = (
				50D01B181F6D4CF70090CD06 /* MoneyHelper */,
				50D01B3C1F6D4CF70090CD06 /* MoneyHelperTests */,
				50D01B491F6D4CF70090CD06 /* MoneyHelperUITests */,
				50D01B171F6D4CF70090CD06 /* Products */,
				32F17CA2BE43D39ED912FBDA /* Pods */,
				63ADA7174B05D92CE5B3C439 /* Frameworks */,
			);
			sourceTree = "<group>";
		};
		50D01B171F6D4CF70090CD06 /* Products */ = {
			isa = PBXGroup;
			children = (
				50D01B161F6D4CF70090CD06 /* MoneyHelper.app */,
				50D01B391F6D4CF70090CD06 /* MoneyHelperTests.xctest */,
				50D01B461F6D4CF70090CD06 /* MoneyHelperUITests.xctest */,
			);
			name = Products;
			sourceTree = "<group>";
		};
		50D01B181F6D4CF70090CD06 /* MoneyHelper */ = {
			isa = PBXGroup;
			children = (
				50FD57BD1F6D6ACB00C10542 /* Application */,
				50FD57C31F6D6ACB00C10542 /* Library */,
				50FD57C01F6D6ACB00C10542 /* Models */,
				50FD57CA1F6D6ACB00C10542 /* Resources */,
				50FD57D21F6D6ACC00C10542 /* Screens */,
				50FD57E11F6D6ACC00C10542 /* Services */,
				50FD57D11F6D6ACB00C10542 /* Third Party */,
			);
			path = MoneyHelper;
			sourceTree = "<group>";
		};
		50D01B3C1F6D4CF70090CD06 /* MoneyHelperTests */ = {
			isa = PBXGroup;
			children = (
				50FD57E21F6D6AF000C10542 /* Resources */,
				50FD57E31F6D6AF000C10542 /* Tests */,
				50D01B3D1F6D4CF70090CD06 /* MoneyHelperTests.swift */,
				50D01B411F6D4CF70090CD06 /* Info.plist */,
			);
			path = MoneyHelperTests;
			sourceTree = "<group>";
		};
		50D01B491F6D4CF70090CD06 /* MoneyHelperUITests */ = {
			isa = PBXGroup;
			children = (
				50D01B4A1F6D4CF70090CD06 /* MoneyHelperUITests.swift */,
				50D01B4C1F6D4CF70090CD06 /* Info.plist */,
			);
			path = MoneyHelperUITests;
			sourceTree = "<group>";
		};
		50FD57BD1F6D6ACB00C10542 /* Application */ = {
			isa = PBXGroup;
			children = (
				50FD57BE1F6D6ACB00C10542 /* AppDelegate.swift */,
				50FD57BF1F6D6ACB00C10542 /* LaunchScreen.xib */,
			);
			path = Application;
			sourceTree = "<group>";
		};
		50FD57C01F6D6ACB00C10542 /* Models */ = {
			isa = PBXGroup;
			children = (
				50FD57C11F6D6ACB00C10542 /* Entity */,
				50FD57C21F6D6ACB00C10542 /* Entry */,
			);
			path = Models;
			sourceTree = "<group>";
		};
		50FD57C11F6D6ACB00C10542 /* Entity */ = {
			isa = PBXGroup;
			children = (
			);
			path = Entity;
			sourceTree = "<group>";
		};
		50FD57C21F6D6ACB00C10542 /* Entry */ = {
			isa = PBXGroup;
			children = (
			);
			path = Entry;
			sourceTree = "<group>";
		};
		50FD57C31F6D6ACB00C10542 /* Library */ = {
			isa = PBXGroup;
			children = (
				50FD57C41F6D6ACB00C10542 /* BaseClasses */,
				50FD57C51F6D6ACB00C10542 /* Extensions */,
				50FD57C61F6D6ACB00C10542 /* Protocols */,
				50FD57C81F6D6ACB00C10542 /* Reusable Layer */,
				50FD57C91F6D6ACB00C10542 /* Utils */,
			);
			path = Library;
			sourceTree = "<group>";
		};
		50FD57C41F6D6ACB00C10542 /* BaseClasses */ = {
			isa = PBXGroup;
			children = (
			);
			path = BaseClasses;
			sourceTree = "<group>";
		};
		50FD57C51F6D6ACB00C10542 /* Extensions */ = {
			isa = PBXGroup;
			children = (
				50FD57ED1F6D6B9800C10542 /* Foundation.swift */,
				50FD57EF1F6D6B9900C10542 /* UIView.swift */,
				50FD57EA1F6D6B9800C10542 /* UIViewController.swift */,
			);
			path = Extensions;
			sourceTree = "<group>";
		};
		50FD57C61F6D6ACB00C10542 /* Protocols */ = {
			isa = PBXGroup;
			children = (
				50FD57C71F6D6ACB00C10542 /* ModuleTransitionable.swift */,
			);
			path = Protocols;
			sourceTree = "<group>";
		};
		50FD57C81F6D6ACB00C10542 /* Reusable Layer */ = {
			isa = PBXGroup;
			children = (
			);
			path = "Reusable Layer";
			sourceTree = "<group>";
		};
		50FD57C91F6D6ACB00C10542 /* Utils */ = {
			isa = PBXGroup;
			children = (
			);
			path = Utils;
			sourceTree = "<group>";
		};
		50FD57CA1F6D6ACB00C10542 /* Resources */ = {
			isa = PBXGroup;
			children = (
				50FD57CB1F6D6ACB00C10542 /* Constants */,
				50FD57CC1F6D6ACB00C10542 /* Fonts */,
				50FD57CD1F6D6ACB00C10542 /* Images */,
				50FD57CF1F6D6ACB00C10542 /* Info.plist */,
				50FD57D01F6D6ACB00C10542 /* Strings */,
			);
			path = Resources;
			sourceTree = "<group>";
		};
		50FD57CB1F6D6ACB00C10542 /* Constants */ = {
			isa = PBXGroup;
			children = (
			);
			path = Constants;
			sourceTree = "<group>";
		};
		50FD57CC1F6D6ACB00C10542 /* Fonts */ = {
			isa = PBXGroup;
			children = (
			);
			path = Fonts;
			sourceTree = "<group>";
		};
		50FD57CD1F6D6ACB00C10542 /* Images */ = {
			isa = PBXGroup;
			children = (
				50FD57CE1F6D6ACB00C10542 /* Assets.xcassets */,
			);
			path = Images;
			sourceTree = "<group>";
		};
		50FD57D01F6D6ACB00C10542 /* Strings */ = {
			isa = PBXGroup;
			children = (
			);
			path = Strings;
			sourceTree = "<group>";
		};
		50FD57D11F6D6ACB00C10542 /* Third Party */ = {
			isa = PBXGroup;
			children = (
			);
			path = "Third Party";
			sourceTree = "<group>";
		};
		50FD57D21F6D6ACC00C10542 /* Screens */ = {
			isa = PBXGroup;
			children = (
				50FD57D31F6D6ACC00C10542 /* Intro */,
			);
			path = Screens;
			sourceTree = "<group>";
		};
		50FD57D31F6D6ACC00C10542 /* Intro */ = {
			isa = PBXGroup;
			children = (
				447D180374D41D6949D7ACD3 /* Configurator */,
				0B390D959F75C3452A33FBED /* Router */,
				83ADC12EA31C7931467A79DD /* Presenter */,
				8AEA376C59332CA7AE7E8885 /* View */,
			);
			path = Intro;
			sourceTree = "<group>";
		};
		50FD57E11F6D6ACC00C10542 /* Services */ = {
			isa = PBXGroup;
			children = (
			);
			path = Services;
			sourceTree = "<group>";
		};
		50FD57E21F6D6AF000C10542 /* Resources */ = {
			isa = PBXGroup;
			children = (
			);
			path = Resources;
			sourceTree = "<group>";
		};
		50FD57E31F6D6AF000C10542 /* Tests */ = {
			isa = PBXGroup;
			children = (
				50FD57E41F6D6AF000C10542 /* Extensions */,
				50FD57E51F6D6AF000C10542 /* Models */,
				50FD57E61F6D6AF000C10542 /* Screens */,
				50FD57E81F6D6AF000C10542 /* Services */,
			);
			path = Tests;
			sourceTree = "<group>";
		};
		50FD57E41F6D6AF000C10542 /* Extensions */ = {
			isa = PBXGroup;
			children = (
			);
			path = Extensions;
			sourceTree = "<group>";
		};
		50FD57E51F6D6AF000C10542 /* Models */ = {
			isa = PBXGroup;
			children = (
			);
			path = Models;
			sourceTree = "<group>";
		};
		50FD57E61F6D6AF000C10542 /* Screens */ = {
			isa = PBXGroup;
			children = (
				50FD57E71F6D6AF000C10542 /* Intro */,
			);
			path = Screens;
			sourceTree = "<group>";
		};
		50FD57E71F6D6AF000C10542 /* Intro */ = {
			isa = PBXGroup;
			children = (
				599F05237BD61B604F68086C /* Configurator */,
				E4CFD85AE4D4AF12575DF6F5 /* Router */,
				E2F61ADD3B73E5A14980388A /* Presenter */,
				509C5E6F8FE0A4A67D9A3F86 /* View */,
			);
			path = Intro;
			sourceTree = "<group>";
		};
		50FD57E81F6D6AF000C10542 /* Services */ = {
			isa = PBXGroup;
			children = (
			);
			path = Services;
			sourceTree = "<group>";
		};
		599F05237BD61B604F68086C /* Configurator */ = {
			isa = PBXGroup;
			children = (
				6C2E9143437332DE472144EC /* IntroModuleConfiguratorTests.swift */,
			);
			path = Configurator;
			sourceTree = "<group>";
		};
		63ADA7174B05D92CE5B3C439 /* Frameworks */ = {
			isa = PBXGroup;
			children = (
				5A6249948F0773098A19874B /* Pods_MoneyHelper.framework */,
				3004F3D76AAA5D190A9B2A7A /* Pods_MoneyHelper_MoneyHelperTests.framework */,
				BEB837A2656CD5B37B581F4A /* Pods_MoneyHelper_MoneyHelperTests_MoneyHelperUITests.framework */,
			);
			name = Frameworks;
			sourceTree = "<group>";
		};
		83ADC12EA31C7931467A79DD /* Presenter */ = {
			isa = PBXGroup;
			children = (
				3C591494136E35B40491CCEE /* IntroPresenter.swift */,
				EA72EC70F238A45FAB7B60AC /* IntroModuleInput.swift */,
			);
			path = Presenter;
			sourceTree = "<group>";
		};
		8AEA376C59332CA7AE7E8885 /* View */ = {
			isa = PBXGroup;
			children = (
				140CC331D7D425F1931E204C /* IntroViewController.swift */,
				000DB71892D1376B8102E0E5 /* IntroViewController.xib */,
				4DFBEE6FBC26541E432C03E0 /* IntroViewInput.swift */,
				5A9FA14094B8C25BE7C52FB7 /* IntroViewOutput.swift */,
			);
			path = View;
			sourceTree = "<group>";
		};
		E2F61ADD3B73E5A14980388A /* Presenter */ = {
			isa = PBXGroup;
			children = (
				869E4369C4A469176BCE4535 /* IntroPresenterTests.swift */,
			);
			path = Presenter;
			sourceTree = "<group>";
		};
		E4CFD85AE4D4AF12575DF6F5 /* Router */ = {
			isa = PBXGroup;
			children = (
				13D1A8EB00A1196A0AC29DCA /* IntroRouterTests.swift */,
			);
			path = Router;
			sourceTree = "<group>";
		};
/* End PBXGroup section */

/* Begin PBXNativeTarget section */
		50D01B151F6D4CF70090CD06 /* MoneyHelper */ = {
			isa = PBXNativeTarget;
			buildConfigurationList = 50D01B4F1F6D4CF70090CD06 /* Build configuration list for PBXNativeTarget "MoneyHelper" */;
			buildPhases = (
				0869B69FE8DA4A98BE76E2FC /* [CP] Check Pods Manifest.lock */,
				50D01B111F6D4CF70090CD06 /* Sources */,
				50D01B121F6D4CF70090CD06 /* Frameworks */,
				50D01B131F6D4CF70090CD06 /* Resources */,
				50D01B141F6D4CF70090CD06 /* Swift Lint */,
				88BCC6B3D5767CA8B525933E /* [CP] Embed Pods Frameworks */,
				E69C21FF861EF050D266E441 /* [CP] Copy Pods Resources */,
			);
			buildRules = (
			);
			dependencies = (
			);
			name = MoneyHelper;
			productName = MoneyHelper;
			productReference = 50D01B161F6D4CF70090CD06 /* MoneyHelper.app */;
			productType = "com.apple.product-type.application";
		};
		50D01B381F6D4CF70090CD06 /* MoneyHelperTests */ = {
			isa = PBXNativeTarget;
			buildConfigurationList = 50D01B521F6D4CF70090CD06 /* Build configuration list for PBXNativeTarget "MoneyHelperTests" */;
			buildPhases = (
				A84A0669BB6B2DBEB2974A06 /* [CP] Check Pods Manifest.lock */,
				50D01B351F6D4CF70090CD06 /* Sources */,
				50D01B361F6D4CF70090CD06 /* Frameworks */,
				50D01B371F6D4CF70090CD06 /* Resources */,
				87B4BFBA806E10B6800BA04E /* [CP] Embed Pods Frameworks */,
				7CE0D91754FED60376F1BA17 /* [CP] Copy Pods Resources */,
			);
			buildRules = (
			);
			dependencies = (
				50D01B3B1F6D4CF70090CD06 /* PBXTargetDependency */,
			);
			name = MoneyHelperTests;
			productName = MoneyHelperTests;
			productReference = 50D01B391F6D4CF70090CD06 /* MoneyHelperTests.xctest */;
			productType = "com.apple.product-type.bundle.unit-test";
		};
		50D01B451F6D4CF70090CD06 /* MoneyHelperUITests */ = {
			isa = PBXNativeTarget;
			buildConfigurationList = 50D01B551F6D4CF70090CD06 /* Build configuration list for PBXNativeTarget "MoneyHelperUITests" */;
			buildPhases = (
				ABA03365C04A914885D27B9D /* [CP] Check Pods Manifest.lock */,
				50D01B421F6D4CF70090CD06 /* Sources */,
				50D01B431F6D4CF70090CD06 /* Frameworks */,
				50D01B441F6D4CF70090CD06 /* Resources */,
				CB532A251D10F3C74B0D5E01 /* [CP] Embed Pods Frameworks */,
				80A40D5C47651190C6C4160B /* [CP] Copy Pods Resources */,
			);
			buildRules = (
			);
			dependencies = (
				50D01B481F6D4CF70090CD06 /* PBXTargetDependency */,
			);
			name = MoneyHelperUITests;
			productName = MoneyHelperUITests;
			productReference = 50D01B461F6D4CF70090CD06 /* MoneyHelperUITests.xctest */;
			productType = "com.apple.product-type.bundle.ui-testing";
		};
/* End PBXNativeTarget section */

/* Begin PBXProject section */
		50D01B0D1F6D4CF70090CD06 /* Project object */ = {
			isa = PBXProject;
			attributes = {
				LastSwiftUpdateCheck = 0900;
				LastUpgradeCheck = 0900;
				ORGANIZATIONNAME = "Kirill Klebanov";
				TargetAttributes = {
					50D01B151F6D4CF70090CD06 = {
						CreatedOnToolsVersion = 9.0;
						ProvisioningStyle = Automatic;
					};
					50D01B381F6D4CF70090CD06 = {
						CreatedOnToolsVersion = 9.0;
						ProvisioningStyle = Automatic;
						TestTargetID = 50D01B151F6D4CF70090CD06;
					};
					50D01B451F6D4CF70090CD06 = {
						CreatedOnToolsVersion = 9.0;
						ProvisioningStyle = Automatic;
						TestTargetID = 50D01B151F6D4CF70090CD06;
					};
				};
			};
			buildConfigurationList = 50D01B101F6D4CF70090CD06 /* Build configuration list for PBXProject "MoneyHelper" */;
			compatibilityVersion = "Xcode 8.0";
			developmentRegion = en;
			hasScannedForEncodings = 0;
			knownRegions = (
				en,
			);
			mainGroup = 50D01B0C1F6D4CF70090CD06;
			productRefGroup = 50D01B171F6D4CF70090CD06 /* Products */;
			projectDirPath = "";
			projectRoot = "";
			targets = (
				50D01B151F6D4CF70090CD06 /* MoneyHelper */,
				50D01B381F6D4CF70090CD06 /* MoneyHelperTests */,
				50D01B451F6D4CF70090CD06 /* MoneyHelperUITests */,
			);
		};
/* End PBXProject section */

/* Begin PBXResourcesBuildPhase section */
		50D01B131F6D4CF70090CD06 /* Resources */ = {
			isa = PBXResourcesBuildPhase;
			buildActionMask = 2147483647;
			files = (
				50FD57FB1F6D71E500C10542 /* LaunchScreen.xib in Resources */,
				289F3989831DB7EC4D8F46B5 /* IntroViewController.xib in Resources */,
			);
			runOnlyForDeploymentPostprocessing = 0;
		};
		50D01B371F6D4CF70090CD06 /* Resources */ = {
			isa = PBXResourcesBuildPhase;
			buildActionMask = 2147483647;
			files = (
			);
			runOnlyForDeploymentPostprocessing = 0;
		};
		50D01B441F6D4CF70090CD06 /* Resources */ = {
			isa = PBXResourcesBuildPhase;
			buildActionMask = 2147483647;
			files = (
			);
			runOnlyForDeploymentPostprocessing = 0;
		};
/* End PBXResourcesBuildPhase section */

/* Begin PBXShellScriptBuildPhase section */
		0869B69FE8DA4A98BE76E2FC /* [CP] Check Pods Manifest.lock */ = {
			isa = PBXShellScriptBuildPhase;
			buildActionMask = 2147483647;
			files = (
			);
			inputPaths = (
				"${PODS_PODFILE_DIR_PATH}/Podfile.lock",
				"${PODS_ROOT}/Manifest.lock",
			);
			name = "[CP] Check Pods Manifest.lock";
			outputPaths = (
				"$(DERIVED_FILE_DIR)/Pods-MoneyHelper-checkManifestLockResult.txt",
			);
			runOnlyForDeploymentPostprocessing = 0;
			shellPath = /bin/sh;
			shellScript = "diff \"${PODS_PODFILE_DIR_PATH}/Podfile.lock\" \"${PODS_ROOT}/Manifest.lock\" > /dev/null\nif [ $? != 0 ] ; then\n    # print error to STDERR\n    echo \"error: The sandbox is not in sync with the Podfile.lock. Run 'pod install' or update your CocoaPods installation.\" >&2\n    exit 1\nfi\n# This output is used by Xcode 'outputs' to avoid re-running this script phase.\necho \"SUCCESS\" > \"${SCRIPT_OUTPUT_FILE_0}\"\n";
			showEnvVarsInLog = 0;
		};
		50D01B141F6D4CF70090CD06 /* Swift Lint */ = {
			isa = PBXShellScriptBuildPhase;
			buildActionMask = 2147483647;
			files = (
			);
			inputPaths = (
			);
			name = "Swift Lint";
			outputPaths = (
			);
			runOnlyForDeploymentPostprocessing = 0;
			shellPath = /bin/sh;
			shellScript = "if which swiftlint >/dev/null; then\nswiftlint\nelse\necho \"error: SwiftLint does not exist, download it from https://github.com/realm/SwiftLint\"\nexit 1\nfi";
		};
		7CE0D91754FED60376F1BA17 /* [CP] Copy Pods Resources */ = {
			isa = PBXShellScriptBuildPhase;
			buildActionMask = 2147483647;
			files = (
			);
			inputPaths = (
			);
			name = "[CP] Copy Pods Resources";
			outputPaths = (
			);
			runOnlyForDeploymentPostprocessing = 0;
			shellPath = /bin/sh;
			shellScript = "\"${SRCROOT}/Pods/Target Support Files/Pods-MoneyHelper-MoneyHelperTests/Pods-MoneyHelper-MoneyHelperTests-resources.sh\"\n";
			showEnvVarsInLog = 0;
		};
		80A40D5C47651190C6C4160B /* [CP] Copy Pods Resources */ = {
			isa = PBXShellScriptBuildPhase;
			buildActionMask = 2147483647;
			files = (
			);
			inputPaths = (
			);
			name = "[CP] Copy Pods Resources";
			outputPaths = (
			);
			runOnlyForDeploymentPostprocessing = 0;
			shellPath = /bin/sh;
			shellScript = "\"${SRCROOT}/Pods/Target Support Files/Pods-MoneyHelper-MoneyHelperTests-MoneyHelperUITests/Pods-MoneyHelper-MoneyHelperTests-MoneyHelperUITests-resources.sh\"\n";
			showEnvVarsInLog = 0;
		};
		87B4BFBA806E10B6800BA04E /* [CP] Embed Pods Frameworks */ = {
			isa = PBXShellScriptBuildPhase;
			buildActionMask = 2147483647;
			files = (
			);
			inputPaths = (
				"${SRCROOT}/Pods/Target Support Files/Pods-MoneyHelper-MoneyHelperTests/Pods-MoneyHelper-MoneyHelperTests-frameworks.sh",
				"${BUILT_PRODUCTS_DIR}/Alamofire/Alamofire.framework",
				"${BUILT_PRODUCTS_DIR}/AlamofireImage/AlamofireImage.framework",
				"${BUILT_PRODUCTS_DIR}/AlamofireNetworkActivityIndicator/AlamofireNetworkActivityIndicator.framework",
				"${BUILT_PRODUCTS_DIR}/SwiftyUserDefaults/SwiftyUserDefaults.framework",
			);
			name = "[CP] Embed Pods Frameworks";
			outputPaths = (
				"${TARGET_BUILD_DIR}/${FRAMEWORKS_FOLDER_PATH}/Alamofire.framework",
				"${TARGET_BUILD_DIR}/${FRAMEWORKS_FOLDER_PATH}/AlamofireImage.framework",
				"${TARGET_BUILD_DIR}/${FRAMEWORKS_FOLDER_PATH}/AlamofireNetworkActivityIndicator.framework",
				"${TARGET_BUILD_DIR}/${FRAMEWORKS_FOLDER_PATH}/SwiftyUserDefaults.framework",
			);
			runOnlyForDeploymentPostprocessing = 0;
			shellPath = /bin/sh;
			shellScript = "\"${SRCROOT}/Pods/Target Support Files/Pods-MoneyHelper-MoneyHelperTests/Pods-MoneyHelper-MoneyHelperTests-frameworks.sh\"\n";
			showEnvVarsInLog = 0;
		};
		88BCC6B3D5767CA8B525933E /* [CP] Embed Pods Frameworks */ = {
			isa = PBXShellScriptBuildPhase;
			buildActionMask = 2147483647;
			files = (
			);
			inputPaths = (
				"${SRCROOT}/Pods/Target Support Files/Pods-MoneyHelper/Pods-MoneyHelper-frameworks.sh",
				"${BUILT_PRODUCTS_DIR}/Alamofire/Alamofire.framework",
				"${BUILT_PRODUCTS_DIR}/AlamofireImage/AlamofireImage.framework",
				"${BUILT_PRODUCTS_DIR}/AlamofireNetworkActivityIndicator/AlamofireNetworkActivityIndicator.framework",
				"${BUILT_PRODUCTS_DIR}/SwiftyUserDefaults/SwiftyUserDefaults.framework",
			);
			name = "[CP] Embed Pods Frameworks";
			outputPaths = (
				"${TARGET_BUILD_DIR}/${FRAMEWORKS_FOLDER_PATH}/Alamofire.framework",
				"${TARGET_BUILD_DIR}/${FRAMEWORKS_FOLDER_PATH}/AlamofireImage.framework",
				"${TARGET_BUILD_DIR}/${FRAMEWORKS_FOLDER_PATH}/AlamofireNetworkActivityIndicator.framework",
				"${TARGET_BUILD_DIR}/${FRAMEWORKS_FOLDER_PATH}/SwiftyUserDefaults.framework",
			);
			runOnlyForDeploymentPostprocessing = 0;
			shellPath = /bin/sh;
			shellScript = "\"${SRCROOT}/Pods/Target Support Files/Pods-MoneyHelper/Pods-MoneyHelper-frameworks.sh\"\n";
			showEnvVarsInLog = 0;
		};
		A84A0669BB6B2DBEB2974A06 /* [CP] Check Pods Manifest.lock */ = {
			isa = PBXShellScriptBuildPhase;
			buildActionMask = 2147483647;
			files = (
			);
			inputPaths = (
				"${PODS_PODFILE_DIR_PATH}/Podfile.lock",
				"${PODS_ROOT}/Manifest.lock",
			);
			name = "[CP] Check Pods Manifest.lock";
			outputPaths = (
				"$(DERIVED_FILE_DIR)/Pods-MoneyHelper-MoneyHelperTests-checkManifestLockResult.txt",
			);
			runOnlyForDeploymentPostprocessing = 0;
			shellPath = /bin/sh;
			shellScript = "diff \"${PODS_PODFILE_DIR_PATH}/Podfile.lock\" \"${PODS_ROOT}/Manifest.lock\" > /dev/null\nif [ $? != 0 ] ; then\n    # print error to STDERR\n    echo \"error: The sandbox is not in sync with the Podfile.lock. Run 'pod install' or update your CocoaPods installation.\" >&2\n    exit 1\nfi\n# This output is used by Xcode 'outputs' to avoid re-running this script phase.\necho \"SUCCESS\" > \"${SCRIPT_OUTPUT_FILE_0}\"\n";
			showEnvVarsInLog = 0;
		};
		ABA03365C04A914885D27B9D /* [CP] Check Pods Manifest.lock */ = {
			isa = PBXShellScriptBuildPhase;
			buildActionMask = 2147483647;
			files = (
			);
			inputPaths = (
				"${PODS_PODFILE_DIR_PATH}/Podfile.lock",
				"${PODS_ROOT}/Manifest.lock",
			);
			name = "[CP] Check Pods Manifest.lock";
			outputPaths = (
				"$(DERIVED_FILE_DIR)/Pods-MoneyHelper-MoneyHelperTests-MoneyHelperUITests-checkManifestLockResult.txt",
			);
			runOnlyForDeploymentPostprocessing = 0;
			shellPath = /bin/sh;
			shellScript = "diff \"${PODS_PODFILE_DIR_PATH}/Podfile.lock\" \"${PODS_ROOT}/Manifest.lock\" > /dev/null\nif [ $? != 0 ] ; then\n    # print error to STDERR\n    echo \"error: The sandbox is not in sync with the Podfile.lock. Run 'pod install' or update your CocoaPods installation.\" >&2\n    exit 1\nfi\n# This output is used by Xcode 'outputs' to avoid re-running this script phase.\necho \"SUCCESS\" > \"${SCRIPT_OUTPUT_FILE_0}\"\n";
			showEnvVarsInLog = 0;
		};
		CB532A251D10F3C74B0D5E01 /* [CP] Embed Pods Frameworks */ = {
			isa = PBXShellScriptBuildPhase;
			buildActionMask = 2147483647;
			files = (
			);
			inputPaths = (
				"${SRCROOT}/Pods/Target Support Files/Pods-MoneyHelper-MoneyHelperTests-MoneyHelperUITests/Pods-MoneyHelper-MoneyHelperTests-MoneyHelperUITests-frameworks.sh",
				"${BUILT_PRODUCTS_DIR}/Alamofire/Alamofire.framework",
				"${BUILT_PRODUCTS_DIR}/AlamofireImage/AlamofireImage.framework",
				"${BUILT_PRODUCTS_DIR}/AlamofireNetworkActivityIndicator/AlamofireNetworkActivityIndicator.framework",
				"${BUILT_PRODUCTS_DIR}/SwiftyUserDefaults/SwiftyUserDefaults.framework",
			);
			name = "[CP] Embed Pods Frameworks";
			outputPaths = (
				"${TARGET_BUILD_DIR}/${FRAMEWORKS_FOLDER_PATH}/Alamofire.framework",
				"${TARGET_BUILD_DIR}/${FRAMEWORKS_FOLDER_PATH}/AlamofireImage.framework",
				"${TARGET_BUILD_DIR}/${FRAMEWORKS_FOLDER_PATH}/AlamofireNetworkActivityIndicator.framework",
				"${TARGET_BUILD_DIR}/${FRAMEWORKS_FOLDER_PATH}/SwiftyUserDefaults.framework",
			);
			runOnlyForDeploymentPostprocessing = 0;
			shellPath = /bin/sh;
			shellScript = "\"${SRCROOT}/Pods/Target Support Files/Pods-MoneyHelper-MoneyHelperTests-MoneyHelperUITests/Pods-MoneyHelper-MoneyHelperTests-MoneyHelperUITests-frameworks.sh\"\n";
			showEnvVarsInLog = 0;
		};
		E69C21FF861EF050D266E441 /* [CP] Copy Pods Resources */ = {
			isa = PBXShellScriptBuildPhase;
			buildActionMask = 2147483647;
			files = (
			);
			inputPaths = (
			);
			name = "[CP] Copy Pods Resources";
			outputPaths = (
			);
			runOnlyForDeploymentPostprocessing = 0;
			shellPath = /bin/sh;
			shellScript = "\"${SRCROOT}/Pods/Target Support Files/Pods-MoneyHelper/Pods-MoneyHelper-resources.sh\"\n";
			showEnvVarsInLog = 0;
		};
/* End PBXShellScriptBuildPhase section */

/* Begin PBXSourcesBuildPhase section */
		50D01B111F6D4CF70090CD06 /* Sources */ = {
			isa = PBXSourcesBuildPhase;
			buildActionMask = 2147483647;
			files = (
				50FD57FA1F6D71D600C10542 /* AppDelegate.swift in Sources */,
				50FD57F31F6D6BCE00C10542 /* Foundation.swift in Sources */,
				50FD57F61F6D6BCE00C10542 /* UIView.swift in Sources */,
				50FD57F71F6D6BCE00C10542 /* UIViewController.swift in Sources */,
				50FD57F01F6D6BC500C10542 /* ModuleTransitionable.swift in Sources */,
				0B08B4DC250A9C75E00E3E3F /* IntroModuleConfigurator.swift in Sources */,
				C29C48CFB0247D30890910C5 /* IntroRouter.swift in Sources */,
				62C6D890893F73DAFEB8F889 /* IntroRouterInput.swift in Sources */,
				37418113B84B887A802F494A /* IntroPresenter.swift in Sources */,
				CE85ECA986380CDAE946E675 /* IntroModuleInput.swift in Sources */,
				B57DA86DA61D9F8060153180 /* IntroViewController.swift in Sources */,
				B7A46E59A6F65C3549A8ED66 /* IntroViewInput.swift in Sources */,
				D755E5148819416D42AE115A /* IntroViewOutput.swift in Sources */,
			);
			runOnlyForDeploymentPostprocessing = 0;
		};
		50D01B351F6D4CF70090CD06 /* Sources */ = {
			isa = PBXSourcesBuildPhase;
			buildActionMask = 2147483647;
			files = (
				50D01B3E1F6D4CF70090CD06 /* MoneyHelperTests.swift in Sources */,
				988DE1C2B60362578656FDB5 /* IntroModuleConfiguratorTests.swift in Sources */,
				FF191FA0F2C31996404C81D6 /* IntroRouterTests.swift in Sources */,
				8BDC6999E9613AF1E6F9CFAE /* IntroPresenterTests.swift in Sources */,
				965B249DAA31A91324FA77C1 /* IntroViewTests.swift in Sources */,
			);
			runOnlyForDeploymentPostprocessing = 0;
		};
		50D01B421F6D4CF70090CD06 /* Sources */ = {
			isa = PBXSourcesBuildPhase;
			buildActionMask = 2147483647;
			files = (
				50D01B4B1F6D4CF70090CD06 /* MoneyHelperUITests.swift in Sources */,
			);
			runOnlyForDeploymentPostprocessing = 0;
		};
/* End PBXSourcesBuildPhase section */

/* Begin PBXTargetDependency section */
		50D01B3B1F6D4CF70090CD06 /* PBXTargetDependency */ = {
			isa = PBXTargetDependency;
			target = 50D01B151F6D4CF70090CD06 /* MoneyHelper */;
			targetProxy = 50D01B3A1F6D4CF70090CD06 /* PBXContainerItemProxy */;
		};
		50D01B481F6D4CF70090CD06 /* PBXTargetDependency */ = {
			isa = PBXTargetDependency;
			target = 50D01B151F6D4CF70090CD06 /* MoneyHelper */;
			targetProxy = 50D01B471F6D4CF70090CD06 /* PBXContainerItemProxy */;
		};
/* End PBXTargetDependency section */

/* Begin XCBuildConfiguration section */
		50D01B4D1F6D4CF70090CD06 /* Debug */ = {
			isa = XCBuildConfiguration;
			buildSettings = {
				ALWAYS_SEARCH_USER_PATHS = NO;
				CLANG_ANALYZER_NONNULL = YES;
				CLANG_ANALYZER_NUMBER_OBJECT_CONVERSION = YES_AGGRESSIVE;
				CLANG_CXX_LANGUAGE_STANDARD = "gnu++14";
				CLANG_CXX_LIBRARY = "libc++";
				CLANG_ENABLE_MODULES = YES;
				CLANG_ENABLE_OBJC_ARC = YES;
				CLANG_WARN_BLOCK_CAPTURE_AUTORELEASING = YES;
				CLANG_WARN_BOOL_CONVERSION = YES;
				CLANG_WARN_COMMA = YES;
				CLANG_WARN_CONSTANT_CONVERSION = YES;
				CLANG_WARN_DIRECT_OBJC_ISA_USAGE = YES_ERROR;
				CLANG_WARN_DOCUMENTATION_COMMENTS = YES;
				CLANG_WARN_EMPTY_BODY = YES;
				CLANG_WARN_ENUM_CONVERSION = YES;
				CLANG_WARN_INFINITE_RECURSION = YES;
				CLANG_WARN_INT_CONVERSION = YES;
				CLANG_WARN_NON_LITERAL_NULL_CONVERSION = YES;
				CLANG_WARN_OBJC_LITERAL_CONVERSION = YES;
				CLANG_WARN_OBJC_ROOT_CLASS = YES_ERROR;
				CLANG_WARN_RANGE_LOOP_ANALYSIS = YES;
				CLANG_WARN_STRICT_PROTOTYPES = YES;
				CLANG_WARN_SUSPICIOUS_MOVE = YES;
				CLANG_WARN_UNGUARDED_AVAILABILITY = YES_AGGRESSIVE;
				CLANG_WARN_UNREACHABLE_CODE = YES;
				CLANG_WARN__DUPLICATE_METHOD_MATCH = YES;
				CODE_SIGN_IDENTITY = "iPhone Developer";
				COPY_PHASE_STRIP = NO;
				DEBUG_INFORMATION_FORMAT = dwarf;
				ENABLE_STRICT_OBJC_MSGSEND = YES;
				ENABLE_TESTABILITY = YES;
				GCC_C_LANGUAGE_STANDARD = gnu11;
				GCC_DYNAMIC_NO_PIC = NO;
				GCC_NO_COMMON_BLOCKS = YES;
				GCC_OPTIMIZATION_LEVEL = 0;
				GCC_PREPROCESSOR_DEFINITIONS = (
					"DEBUG=1",
					"$(inherited)",
				);
				GCC_WARN_64_TO_32_BIT_CONVERSION = YES;
				GCC_WARN_ABOUT_RETURN_TYPE = YES_ERROR;
				GCC_WARN_UNDECLARED_SELECTOR = YES;
				GCC_WARN_UNINITIALIZED_AUTOS = YES_AGGRESSIVE;
				GCC_WARN_UNUSED_FUNCTION = YES;
				GCC_WARN_UNUSED_VARIABLE = YES;
				IPHONEOS_DEPLOYMENT_TARGET = 11.0;
				MTL_ENABLE_DEBUG_INFO = YES;
				ONLY_ACTIVE_ARCH = YES;
				SDKROOT = iphoneos;
				SWIFT_ACTIVE_COMPILATION_CONDITIONS = DEBUG;
				SWIFT_OPTIMIZATION_LEVEL = "-Onone";
				SWIFT_VERSION = 3.0;
				TARGETED_DEVICE_FAMILY = "1,2";
			};
			name = Debug;
		};
		50D01B4E1F6D4CF70090CD06 /* Release */ = {
			isa = XCBuildConfiguration;
			buildSettings = {
				ALWAYS_SEARCH_USER_PATHS = NO;
				CLANG_ANALYZER_NONNULL = YES;
				CLANG_ANALYZER_NUMBER_OBJECT_CONVERSION = YES_AGGRESSIVE;
				CLANG_CXX_LANGUAGE_STANDARD = "gnu++14";
				CLANG_CXX_LIBRARY = "libc++";
				CLANG_ENABLE_MODULES = YES;
				CLANG_ENABLE_OBJC_ARC = YES;
				CLANG_WARN_BLOCK_CAPTURE_AUTORELEASING = YES;
				CLANG_WARN_BOOL_CONVERSION = YES;
				CLANG_WARN_COMMA = YES;
				CLANG_WARN_CONSTANT_CONVERSION = YES;
				CLANG_WARN_DIRECT_OBJC_ISA_USAGE = YES_ERROR;
				CLANG_WARN_DOCUMENTATION_COMMENTS = YES;
				CLANG_WARN_EMPTY_BODY = YES;
				CLANG_WARN_ENUM_CONVERSION = YES;
				CLANG_WARN_INFINITE_RECURSION = YES;
				CLANG_WARN_INT_CONVERSION = YES;
				CLANG_WARN_NON_LITERAL_NULL_CONVERSION = YES;
				CLANG_WARN_OBJC_LITERAL_CONVERSION = YES;
				CLANG_WARN_OBJC_ROOT_CLASS = YES_ERROR;
				CLANG_WARN_RANGE_LOOP_ANALYSIS = YES;
				CLANG_WARN_STRICT_PROTOTYPES = YES;
				CLANG_WARN_SUSPICIOUS_MOVE = YES;
				CLANG_WARN_UNGUARDED_AVAILABILITY = YES_AGGRESSIVE;
				CLANG_WARN_UNREACHABLE_CODE = YES;
				CLANG_WARN__DUPLICATE_METHOD_MATCH = YES;
				CODE_SIGN_IDENTITY = "iPhone Developer";
				COPY_PHASE_STRIP = NO;
				DEBUG_INFORMATION_FORMAT = "dwarf-with-dsym";
				ENABLE_NS_ASSERTIONS = NO;
				ENABLE_STRICT_OBJC_MSGSEND = YES;
				GCC_C_LANGUAGE_STANDARD = gnu11;
				GCC_NO_COMMON_BLOCKS = YES;
				GCC_WARN_64_TO_32_BIT_CONVERSION = YES;
				GCC_WARN_ABOUT_RETURN_TYPE = YES_ERROR;
				GCC_WARN_UNDECLARED_SELECTOR = YES;
				GCC_WARN_UNINITIALIZED_AUTOS = YES_AGGRESSIVE;
				GCC_WARN_UNUSED_FUNCTION = YES;
				GCC_WARN_UNUSED_VARIABLE = YES;
				IPHONEOS_DEPLOYMENT_TARGET = 11.0;
				MTL_ENABLE_DEBUG_INFO = NO;
				ONLY_ACTIVE_ARCH = YES;
				SDKROOT = iphoneos;
				SWIFT_OPTIMIZATION_LEVEL = "-Owholemodule";
				SWIFT_VERSION = 3.0;
				TARGETED_DEVICE_FAMILY = "1,2";
				VALIDATE_PRODUCT = YES;
			};
			name = Release;
		};
		50D01B501F6D4CF70090CD06 /* Debug */ = {
			isa = XCBuildConfiguration;
			baseConfigurationReference = DAB3545E303B8A48BDD424EE /* Pods-MoneyHelper.debug.xcconfig */;
			buildSettings = {
				ASSETCATALOG_COMPILER_APPICON_NAME = AppIcon;
				CODE_SIGN_STYLE = Automatic;
				DEVELOPMENT_TEAM = B9639RHZFT;
				INFOPLIST_FILE = "$(SRCROOT)/MoneyHelper/Resources/Info.plist";
				LD_RUNPATH_SEARCH_PATHS = "$(inherited) @executable_path/Frameworks";
				PRODUCT_BUNDLE_IDENTIFIER = ru.open.MoneyHelper;
				PRODUCT_NAME = "$(TARGET_NAME)";
				SWIFT_VERSION = 3.0;
				TARGETED_DEVICE_FAMILY = "1,2";
			};
			name = Debug;
		};
		50D01B511F6D4CF70090CD06 /* Release */ = {
			isa = XCBuildConfiguration;
			baseConfigurationReference = 5F516BB3349265AA0680EDD5 /* Pods-MoneyHelper.release.xcconfig */;
			buildSettings = {
				ASSETCATALOG_COMPILER_APPICON_NAME = AppIcon;
				CODE_SIGN_STYLE = Automatic;
				DEVELOPMENT_TEAM = B9639RHZFT;
				INFOPLIST_FILE = "$(SRCROOT)/MoneyHelper/Resources/Info.plist";
				LD_RUNPATH_SEARCH_PATHS = "$(inherited) @executable_path/Frameworks";
				PRODUCT_BUNDLE_IDENTIFIER = ru.open.MoneyHelper;
				PRODUCT_NAME = "$(TARGET_NAME)";
				SWIFT_VERSION = 3.0;
				TARGETED_DEVICE_FAMILY = "1,2";
			};
			name = Release;
		};
		50D01B531F6D4CF70090CD06 /* Debug */ = {
			isa = XCBuildConfiguration;
			baseConfigurationReference = DE681E02C1E68C27D110EA87 /* Pods-MoneyHelper-MoneyHelperTests.debug.xcconfig */;
			buildSettings = {
				BUNDLE_LOADER = "$(TEST_HOST)";
				CODE_SIGN_STYLE = Automatic;
				DEVELOPMENT_TEAM = B9639RHZFT;
				INFOPLIST_FILE = MoneyHelperTests/Info.plist;
				LD_RUNPATH_SEARCH_PATHS = "$(inherited) @executable_path/Frameworks @loader_path/Frameworks";
				PRODUCT_BUNDLE_IDENTIFIER = ru.open.MoneyHelperTests;
				PRODUCT_NAME = "$(TARGET_NAME)";
				SWIFT_VERSION = 3.0;
				TARGETED_DEVICE_FAMILY = "1,2";
				TEST_HOST = "$(BUILT_PRODUCTS_DIR)/MoneyHelper.app/MoneyHelper";
			};
			name = Debug;
		};
		50D01B541F6D4CF70090CD06 /* Release */ = {
			isa = XCBuildConfiguration;
			baseConfigurationReference = BB998A9B2F561FC235BEF78D /* Pods-MoneyHelper-MoneyHelperTests.release.xcconfig */;
			buildSettings = {
				BUNDLE_LOADER = "$(TEST_HOST)";
				CODE_SIGN_STYLE = Automatic;
				DEVELOPMENT_TEAM = B9639RHZFT;
				INFOPLIST_FILE = MoneyHelperTests/Info.plist;
				LD_RUNPATH_SEARCH_PATHS = "$(inherited) @executable_path/Frameworks @loader_path/Frameworks";
				PRODUCT_BUNDLE_IDENTIFIER = ru.open.MoneyHelperTests;
				PRODUCT_NAME = "$(TARGET_NAME)";
				SWIFT_VERSION = 3.0;
				TARGETED_DEVICE_FAMILY = "1,2";
				TEST_HOST = "$(BUILT_PRODUCTS_DIR)/MoneyHelper.app/MoneyHelper";
			};
			name = Release;
		};
		50D01B561F6D4CF70090CD06 /* Debug */ = {
			isa = XCBuildConfiguration;
			baseConfigurationReference = E86BAE13A9DB3EE87C1D2A65 /* Pods-MoneyHelper-MoneyHelperTests-MoneyHelperUITests.debug.xcconfig */;
			buildSettings = {
				CODE_SIGN_STYLE = Automatic;
				DEVELOPMENT_TEAM = B9639RHZFT;
				INFOPLIST_FILE = MoneyHelperUITests/Info.plist;
				LD_RUNPATH_SEARCH_PATHS = "$(inherited) @executable_path/Frameworks @loader_path/Frameworks";
				PRODUCT_BUNDLE_IDENTIFIER = ru.open.MoneyHelperUITests;
				PRODUCT_NAME = "$(TARGET_NAME)";
				SWIFT_VERSION = 3.0;
				TARGETED_DEVICE_FAMILY = "1,2";
				TEST_TARGET_NAME = MoneyHelper;
			};
			name = Debug;
		};
		50D01B571F6D4CF70090CD06 /* Release */ = {
			isa = XCBuildConfiguration;
			baseConfigurationReference = A707E84C4C50B93CAC388DA3 /* Pods-MoneyHelper-MoneyHelperTests-MoneyHelperUITests.release.xcconfig */;
			buildSettings = {
				CODE_SIGN_STYLE = Automatic;
				DEVELOPMENT_TEAM = B9639RHZFT;
				INFOPLIST_FILE = MoneyHelperUITests/Info.plist;
				LD_RUNPATH_SEARCH_PATHS = "$(inherited) @executable_path/Frameworks @loader_path/Frameworks";
				PRODUCT_BUNDLE_IDENTIFIER = ru.open.MoneyHelperUITests;
				PRODUCT_NAME = "$(TARGET_NAME)";
				SWIFT_VERSION = 3.0;
				TARGETED_DEVICE_FAMILY = "1,2";
				TEST_TARGET_NAME = MoneyHelper;
			};
			name = Release;
		};
/* End XCBuildConfiguration section */

/* Begin XCConfigurationList section */
		50D01B101F6D4CF70090CD06 /* Build configuration list for PBXProject "MoneyHelper" */ = {
			isa = XCConfigurationList;
			buildConfigurations = (
				50D01B4D1F6D4CF70090CD06 /* Debug */,
				50D01B4E1F6D4CF70090CD06 /* Release */,
			);
			defaultConfigurationIsVisible = 0;
			defaultConfigurationName = Release;
		};
		50D01B4F1F6D4CF70090CD06 /* Build configuration list for PBXNativeTarget "MoneyHelper" */ = {
			isa = XCConfigurationList;
			buildConfigurations = (
				50D01B501F6D4CF70090CD06 /* Debug */,
				50D01B511F6D4CF70090CD06 /* Release */,
			);
			defaultConfigurationIsVisible = 0;
			defaultConfigurationName = Release;
		};
		50D01B521F6D4CF70090CD06 /* Build configuration list for PBXNativeTarget "MoneyHelperTests" */ = {
			isa = XCConfigurationList;
			buildConfigurations = (
				50D01B531F6D4CF70090CD06 /* Debug */,
				50D01B541F6D4CF70090CD06 /* Release */,
			);
			defaultConfigurationIsVisible = 0;
			defaultConfigurationName = Release;
		};
		50D01B551F6D4CF70090CD06 /* Build configuration list for PBXNativeTarget "MoneyHelperUITests" */ = {
			isa = XCConfigurationList;
			buildConfigurations = (
				50D01B561F6D4CF70090CD06 /* Debug */,
				50D01B571F6D4CF70090CD06 /* Release */,
			);
			defaultConfigurationIsVisible = 0;
			defaultConfigurationName = Release;
		};
/* End XCConfigurationList section */
	};
	rootObject = 50D01B0D1F6D4CF70090CD06 /* Project object */;
}
